lockfileVersion: '9.0'

settings:
  autoInstallPeers: true
  excludeLinksFromLockfile: false

importers:

  .:
    dependencies:
      hono:
        specifier: ^4.8.5
        version: 4.8.5
      rcon-client:
        specifier: ^4.2.5
        version: 4.2.5
      typescript:
        specifier: ^5
        version: 5.8.3
    devDependencies:
      '@types/bun':
        specifier: latest
        version: 1.2.18(@types/react@19.1.8)

packages:

  '@types/bun@1.2.18':
    resolution: {integrity: sha512-Xf6RaWVheyemaThV0kUfaAUvCNokFr+bH8Jxp+tTZfx7dAPA8z9ePnP9S9+Vspzuxxx9JRAXhnyccRj3GyCMdQ==}

  '@types/node@24.0.14':
    resolution: {integrity: sha512-4zXMWD91vBLGRtHK3YbIoFMia+1nqEz72coM42C5ETjnNCa/heoj7NT1G67iAfOqMmcfhuCZ4uNpyz8EjlAejw==}

  '@types/react@19.1.8':
    resolution: {integrity: sha512-AwAfQ2Wa5bCx9WP8nZL2uMZWod7J7/JSplxbTmBQ5ms6QpqNYm672H0Vu9ZVKVngQ+ii4R/byguVEUZQyeg44g==}

  bun-types@1.2.18:
    resolution: {integrity: sha512-04+Eha5NP7Z0A9YgDAzMk5PHR16ZuLVa83b26kH5+cp1qZW4F6FmAURngE7INf4tKOvCE69vYvDEwoNl1tGiWw==}
    peerDependencies:
      '@types/react': ^19

  csstype@3.1.3:
    resolution: {integrity: sha512-M1uQkMl8rQK/szD0LNhtqxIPLpimGm8sOBwU7lLnCpSbTyY3yeU1Vc7l4KT5zT4s/yOxHH5O7tIuuLOCnLADRw==}

  hono@4.8.5:
    resolution: {integrity: sha512-Up2cQbtNz1s111qpnnECdTGqSIUIhZJMLikdKkshebQSEBcoUKq6XJayLGqSZWidiH0zfHRCJqFu062Mz5UuRA==}
    engines: {node: '>=16.9.0'}

  rcon-client@4.2.5:
    resolution: {integrity: sha512-AnX1GU/ZTlwtYup3H6h0J1hwfP3OYltXVe+8ReBzmNEepX3xGH8nDg7gYqT5Y9rpAS/LmQ48h0BKINt1YGd8bA==}

  typed-emitter@0.1.0:
    resolution: {integrity: sha512-Tfay0l6gJMP5rkil8CzGbLthukn+9BN/VXWcABVFPjOoelJ+koW8BuPZYk+h/L+lEeIp1fSzVRiWRPIjKVjPdg==}

  typescript@5.8.3:
    resolution: {integrity: sha512-p1diW6TqL9L07nNxvRMM7hMMw4c5XOo/1ibL4aAIGmSAt9slTE1Xgw5KWuof2uTOvCg9BY7ZRi+GaF+7sfgPeQ==}
    engines: {node: '>=14.17'}
    hasBin: true

  undici-types@7.8.0:
    resolution: {integrity: sha512-9UJ2xGDvQ43tYyVMpuHlsgApydB8ZKfVYTsLDhXkFL/6gfkp+U8xTGdh8pMJv1SpZna0zxG1DwsKZsreLbXBxw==}

snapshots:

  '@types/bun@1.2.18(@types/react@19.1.8)':
    dependencies:
      bun-types: 1.2.18(@types/react@19.1.8)
    transitivePeerDependencies:
      - '@types/react'

  '@types/node@24.0.14':
    dependencies:
      undici-types: 7.8.0

  '@types/react@19.1.8':
    dependencies:
      csstype: 3.1.3

  bun-types@1.2.18(@types/react@19.1.8):
    dependencies:
      '@types/node': 24.0.14
      '@types/react': 19.1.8

  csstype@3.1.3: {}

  hono@4.8.5: {}

  rcon-client@4.2.5:
    dependencies:
      typed-emitter: 0.1.0

  typed-emitter@0.1.0: {}

  typescript@5.8.3: {}

  undici-types@7.8.0: {}
