lockfileVersion: '9.0'

settings:
  autoInstallPeers: true
  excludeLinksFromLockfile: false

importers:

  .:
    dependencies:
      hono:
        specifier: ^4.8.5
        version: 4.8.5
      rcon-client:
        specifier: ^4.2.5
        version: 4.2.5

packages:

  hono@4.8.5:
    resolution: {integrity: sha512-Up2cQbtNz1s111qpnnECdTGqSIUIhZJMLikdKkshebQSEBcoUKq6XJayLGqSZWidiH0zfHRCJqFu062Mz5UuRA==}
    engines: {node: '>=16.9.0'}

  rcon-client@4.2.5:
    resolution: {integrity: sha512-AnX1GU/ZTlwtYup3H6h0J1hwfP3OYltXVe+8ReBzmNEepX3xGH8nDg7gYqT5Y9rpAS/LmQ48h0BKINt1YGd8bA==}

  typed-emitter@0.1.0:
    resolution: {integrity: sha512-Tfay0l6gJMP5rkil8CzGbLthukn+9BN/VXWcABVFPjOoelJ+koW8BuPZYk+h/L+lEeIp1fSzVRiWRPIjKVjPdg==}

snapshots:

  hono@4.8.5: {}

  rcon-client@4.2.5:
    dependencies:
      typed-emitter: 0.1.0

  typed-emitter@0.1.0: {}
